
Microsoft Visual Studio Solution File, Format Version 12.00
# Visual Studio Version 16
VisualStudioVersion = 16.0.32602.291
MinimumVisualStudioVersion = 10.0.40219.1
Project("{FAE04EC0-301F-11D3-BF4B-00C04F79EFBC}") = "SportbetAPI", "SportbetAPI\SportbetAPI.csproj", "{11476015-E9CC-4413-933A-83BE402C3A5D}"
EndProject
Global
	GlobalSection(SolutionConfigurationPlatforms) = preSolution
		Debug|Any CPU = Debug|Any CPU
		Release|Any CPU = Release|Any CPU
	EndGlobalSection
	GlobalSection(ProjectConfigurationPlatforms) = postSolution
		{11476015-E9CC-4413-933A-83BE402C3A5D}.Debug|Any CPU.ActiveCfg = Debug|Any CPU
		{11476015-E9CC-4413-933A-83BE402C3A5D}.Debug|Any CPU.Build.0 = Debug|Any CPU
		{11476015-E9CC-4413-933A-83BE402C3A5D}.Release|Any CPU.ActiveCfg = Release|Any CPU
		{11476015-E9CC-4413-933A-83BE402C3A5D}.Release|Any CPU.Build.0 = Release|Any CPU
	EndGlobalSection
	GlobalSection(SolutionProperties) = preSolution
		HideSolutionNode = FALSE
	EndGlobalSection
	GlobalSection(ExtensibilityGlobals) = postSolution
		SolutionGuid = {6F61284E-D68E-472D-89D5-BED0D5BAB84B}
	EndGlobalSection
EndGlobal
